// !$*UTF8*$!
{
	archiveVersion = 1;
	classes = {
	};
	objectVersion = 46;
	objects = {

/* Begin PBXBuildFile section */
		6E1AB0491E781A0E0052D273 /* main.m in Sources */ = {isa = PBXBuildFile; fileRef = 6E1AB0481E781A0E0052D273 /* main.m */; };
		6E1AB04C1E781A0E0052D273 /* AppDelegate.m in Sources */ = {isa = PBXBuildFile; fileRef = 6E1AB04B1E781A0E0052D273 /* AppDelegate.m */; };
		6E1AB04F1E781A0E0052D273 /* ViewController.m in Sources */ = {isa = PBXBuildFile; fileRef = 6E1AB04E1E781A0E0052D273 /* ViewController.m */; };
		6E1AB0521E781A0E0052D273 /* Main.storyboard in Resources */ = {isa = PBXBuildFile; fileRef = 6E1AB0501E781A0E0052D273 /* Main.storyboard */; };
		6E1AB0541E781A0E0052D273 /* Assets.xcassets in Resources */ = {isa = PBXBuildFile; fileRef = 6E1AB0531E781A0E0052D273 /* Assets.xcassets */; };
		6E1AB0571E781A0E0052D273 /* LaunchScreen.storyboard in Resources */ = {isa = PBXBuildFile; fileRef = 6E1AB0551E781A0E0052D273 /* LaunchScreen.storyboard */; };
		6E1AB0621E781A0F0052D273 /* ZPWKWebViewTests.m in Sources */ = {isa = PBXBuildFile; fileRef = 6E1AB0611E781A0F0052D273 /* ZPWKWebViewTests.m */; };
		6E1AB06D1E781A0F0052D273 /* ZPWKWebViewUITests.m in Sources */ = {isa = PBXBuildFile; fileRef = 6E1AB06C1E781A0F0052D273 /* ZPWKWebViewUITests.m */; };
		6E379E811E781E2800B0F93C /* ZPScriptMessage.m in Sources */ = {isa = PBXBuildFile; fileRef = 6E379E801E781E2800B0F93C /* ZPScriptMessage.m */; };
		6E379E841E781E6600B0F93C /* ZPWKWebView.m in Sources */ = {isa = PBXBuildFile; fileRef = 6E379E831E781E6600B0F93C /* ZPWKWebView.m */; };
		6E379E871E781EC500B0F93C /* ZPWKWebViewController.m in Sources */ = {isa = PBXBuildFile; fileRef = 6E379E861E781EC500B0F93C /* ZPWKWebViewController.m */; };
		6EA4146C1FB144B300BB5B81 /* PDFViewController.m in Sources */ = {isa = PBXBuildFile; fileRef = 6EA4146B1FB144B300BB5B81 /* PDFViewController.m */; };
		6EBB7F271E79687F0065158F /* UINavigationController+SGProgress.m in Sources */ = {isa = PBXBuildFile; fileRef = 6EBB7F261E79687F0065158F /* UINavigationController+SGProgress.m */; };
		6EC75E0A20B684B3007513FC /* SVRadialGradientLayer.m in Sources */ = {isa = PBXBuildFile; fileRef = 6EC75E0120B684B3007513FC /* SVRadialGradientLayer.m */; };
		6EC75E0B20B684B3007513FC /* SVProgressAnimatedView.m in Sources */ = {isa = PBXBuildFile; fileRef = 6EC75E0420B684B3007513FC /* SVProgressAnimatedView.m */; };
		6EC75E0C20B684B3007513FC /* SVProgressHUD.m in Sources */ = {isa = PBXBuildFile; fileRef = 6EC75E0620B684B3007513FC /* SVProgressHUD.m */; };
		6EC75E0D20B684B3007513FC /* SVIndefiniteAnimatedView.m in Sources */ = {isa = PBXBuildFile; fileRef = 6EC75E0720B684B3007513FC /* SVIndefiniteAnimatedView.m */; };
		6EC75E0E20B684B3007513FC /* SVProgressHUD.bundle in Resources */ = {isa = PBXBuildFile; fileRef = 6EC75E0820B684B3007513FC /* SVProgressHUD.bundle */; };
/* End PBXBuildFile section */

/* Begin PBXContainerItemProxy section */
		6E1AB05E1E781A0F0052D273 /* PBXContainerItemProxy */ = {
			isa = PBXContainerItemProxy;
			containerPortal = 6E1AB03C1E781A0E0052D273 /* Project object */;
			proxyType = 1;
			remoteGlobalIDString = 6E1AB0431E781A0E0052D273;
			remoteInfo = ZPWKWebView;
		};
		6E1AB0691E781A0F0052D273 /* PBXContainerItemProxy */ = {
			isa = PBXContainerItemProxy;
			containerPortal = 6E1AB03C1E781A0E0052D273 /* Project object */;
			proxyType = 1;
			remoteGlobalIDString = 6E1AB0431E781A0E0052D273;
			remoteInfo = ZPWKWebView;
		};
/* End PBXContainerItemProxy section */

/* Begin PBXFileReference section */
		6E1AB0441E781A0E0052D273 /* ZPWKWebView.app */ = {isa = PBXFileReference; explicitFileType = wrapper.application; includeInIndex = 0; path = ZPWKWebView.app; sourceTree = BUILT_PRODUCTS_DIR; };
		6E1AB0481E781A0E0052D273 /* main.m */ = {isa = PBXFileReference; lastKnownFileType = sourcecode.c.objc; path = main.m; sourceTree = "<group>"; };
		6E1AB04A1E781A0E0052D273 /* AppDelegate.h */ = {isa = PBXFileReference; lastKnownFileType = sourcecode.c.h; path = AppDelegate.h; sourceTree = "<group>"; };
		6E1AB04B1E781A0E0052D273 /* AppDelegate.m */ = {isa = PBXFileReference; lastKnownFileType = sourcecode.c.objc; path = AppDelegate.m; sourceTree = "<group>"; };
		6E1AB04D1E781A0E0052D273 /* ViewController.h */ = {isa = PBXFileReference; lastKnownFileType = sourcecode.c.h; path = ViewController.h; sourceTree = "<group>"; };
		6E1AB04E1E781A0E0052D273 /* ViewController.m */ = {isa = PBXFileReference; lastKnownFileType = sourcecode.c.objc; path = ViewController.m; sourceTree = "<group>"; };
		6E1AB0511E781A0E0052D273 /* Base */ = {isa = PBXFileReference; lastKnownFileType = file.storyboard; name = Base; path = Base.lproj/Main.storyboard; sourceTree = "<group>"; };
		6E1AB0531E781A0E0052D273 /* Assets.xcassets */ = {isa = PBXFileReference; lastKnownFileType = folder.assetcatalog; path = Assets.xcassets; sourceTree = "<group>"; };
		6E1AB0561E781A0E0052D273 /* Base */ = {isa = PBXFileReference; lastKnownFileType = file.storyboard; name = Base; path = Base.lproj/LaunchScreen.storyboard; sourceTree = "<group>"; };
		6E1AB0581E781A0E0052D273 /* Info.plist */ = {isa = PBXFileReference; lastKnownFileType = text.plist.xml; path = Info.plist; sourceTree = "<group>"; };
		6E1AB05D1E781A0F0052D273 /* ZPWKWebViewTests.xctest */ = {isa = PBXFileReference; explicitFileType = wrapper.cfbundle; includeInIndex = 0; path = ZPWKWebViewTests.xctest; sourceTree = BUILT_PRODUCTS_DIR; };
		6E1AB0611E781A0F0052D273 /* ZPWKWebViewTests.m */ = {isa = PBXFileReference; lastKnownFileType = sourcecode.c.objc; path = ZPWKWebViewTests.m; sourceTree = "<group>"; };
		6E1AB0631E781A0F0052D273 /* Info.plist */ = {isa = PBXFileReference; lastKnownFileType = text.plist.xml; path = Info.plist; sourceTree = "<group>"; };
		6E1AB0681E781A0F0052D273 /* ZPWKWebViewUITests.xctest */ = {isa = PBXFileReference; explicitFileType = wrapper.cfbundle; includeInIndex = 0; path = ZPWKWebViewUITests.xctest; sourceTree = BUILT_PRODUCTS_DIR; };
		6E1AB06C1E781A0F0052D273 /* ZPWKWebViewUITests.m */ = {isa = PBXFileReference; lastKnownFileType = sourcecode.c.objc; path = ZPWKWebViewUITests.m; sourceTree = "<group>"; };
		6E1AB06E1E781A0F0052D273 /* Info.plist */ = {isa = PBXFileReference; lastKnownFileType = text.plist.xml; path = Info.plist; sourceTree = "<group>"; };
		6E379E7F1E781E2800B0F93C /* ZPScriptMessage.h */ = {isa = PBXFileReference; fileEncoding = 4; lastKnownFileType = sourcecode.c.h; path = ZPScriptMessage.h; sourceTree = "<group>"; };
		6E379E801E781E2800B0F93C /* ZPScriptMessage.m */ = {isa = PBXFileReference; fileEncoding = 4; lastKnownFileType = sourcecode.c.objc; path = ZPScriptMessage.m; sourceTree = "<group>"; };
		6E379E821E781E6600B0F93C /* ZPWKWebView.h */ = {isa = PBXFileReference; fileEncoding = 4; lastKnownFileType = sourcecode.c.h; path = ZPWKWebView.h; sourceTree = "<group>"; };
		6E379E831E781E6600B0F93C /* ZPWKWebView.m */ = {isa = PBXFileReference; fileEncoding = 4; lastKnownFileType = sourcecode.c.objc; path = ZPWKWebView.m; sourceTree = "<group>"; };
		6E379E851E781EC500B0F93C /* ZPWKWebViewController.h */ = {isa = PBXFileReference; fileEncoding = 4; lastKnownFileType = sourcecode.c.h; path = ZPWKWebViewController.h; sourceTree = "<group>"; };
		6E379E861E781EC500B0F93C /* ZPWKWebViewController.m */ = {isa = PBXFileReference; fileEncoding = 4; lastKnownFileType = sourcecode.c.objc; path = ZPWKWebViewController.m; sourceTree = "<group>"; };
		6EA4146A1FB144B300BB5B81 /* PDFViewController.h */ = {isa = PBXFileReference; lastKnownFileType = sourcecode.c.h; path = PDFViewController.h; sourceTree = "<group>"; };
		6EA4146B1FB144B300BB5B81 /* PDFViewController.m */ = {isa = PBXFileReference; lastKnownFileType = sourcecode.c.objc; path = PDFViewController.m; sourceTree = "<group>"; };
		6EBB7F251E79687F0065158F /* UINavigationController+SGProgress.h */ = {isa = PBXFileReference; fileEncoding = 4; lastKnownFileType = sourcecode.c.h; path = "UINavigationController+SGProgress.h"; sourceTree = "<group>"; };
		6EBB7F261E79687F0065158F /* UINavigationController+SGProgress.m */ = {isa = PBXFileReference; fileEncoding = 4; lastKnownFileType = sourcecode.c.objc; path = "UINavigationController+SGProgress.m"; sourceTree = "<group>"; };
		6EC75E0120B684B3007513FC /* SVRadialGradientLayer.m */ = {isa = PBXFileReference; fileEncoding = 4; lastKnownFileType = sourcecode.c.objc; path = SVRadialGradientLayer.m; sourceTree = "<group>"; };
		6EC75E0220B684B3007513FC /* SVIndefiniteAnimatedView.h */ = {isa = PBXFileReference; fileEncoding = 4; lastKnownFileType = sourcecode.c.h; path = SVIndefiniteAnimatedView.h; sourceTree = "<group>"; };
		6EC75E0320B684B3007513FC /* SVProgressHUD.h */ = {isa = PBXFileReference; fileEncoding = 4; lastKnownFileType = sourcecode.c.h; path = SVProgressHUD.h; sourceTree = "<group>"; };
		6EC75E0420B684B3007513FC /* SVProgressAnimatedView.m */ = {isa = PBXFileReference; fileEncoding = 4; lastKnownFileType = sourcecode.c.objc; path = SVProgressAnimatedView.m; sourceTree = "<group>"; };
		6EC75E0520B684B3007513FC /* SVRadialGradientLayer.h */ = {isa = PBXFileReference; fileEncoding = 4; lastKnownFileType = sourcecode.c.h; path = SVRadialGradientLayer.h; sourceTree = "<group>"; };
		6EC75E0620B684B3007513FC /* SVProgressHUD.m */ = {isa = PBXFileReference; fileEncoding = 4; lastKnownFileType = sourcecode.c.objc; path = SVProgressHUD.m; sourceTree = "<group>"; };
		6EC75E0720B684B3007513FC /* SVIndefiniteAnimatedView.m */ = {isa = PBXFileReference; fileEncoding = 4; lastKnownFileType = sourcecode.c.objc; path = SVIndefiniteAnimatedView.m; sourceTree = "<group>"; };
		6EC75E0820B684B3007513FC /* SVProgressHUD.bundle */ = {isa = PBXFileReference; lastKnownFileType = "wrapper.plug-in"; path = SVProgressHUD.bundle; sourceTree = "<group>"; };
		6EC75E0920B684B3007513FC /* SVProgressAnimatedView.h */ = {isa = PBXFileReference; fileEncoding = 4; lastKnownFileType = sourcecode.c.h; path = SVProgressAnimatedView.h; sourceTree = "<group>"; };
/* End PBXFileReference section */

/* Begin PBXFrameworksBuildPhase section */
		6E1AB0411E781A0E0052D273 /* Frameworks */ = {
			isa = PBXFrameworksBuildPhase;
			buildActionMask = 2147483647;
			files = (
			);
			runOnlyForDeploymentPostprocessing = 0;
		};
		6E1AB05A1E781A0F0052D273 /* Frameworks */ = {
			isa = PBXFrameworksBuildPhase;
			buildActionMask = 2147483647;
			files = (
			);
			runOnlyForDeploymentPostprocessing = 0;
		};
		6E1AB0651E781A0F0052D273 /* Frameworks */ = {
			isa = PBXFrameworksBuildPhase;
			buildActionMask = 2147483647;
			files = (
			);
			runOnlyForDeploymentPostprocessing = 0;
		};
/* End PBXFrameworksBuildPhase section */

/* Begin PBXGroup section */
		6E1AB03B1E781A0E0052D273 = {
			isa = PBXGroup;
			children = (
				6E1AB0461E781A0E0052D273 /* ZPWKWebView */,
				6E1AB0601E781A0F0052D273 /* ZPWKWebViewTests */,
				6E1AB06B1E781A0F0052D273 /* ZPWKWebViewUITests */,
				6E1AB0451E781A0E0052D273 /* Products */,
			);
			sourceTree = "<group>";
		};
		6E1AB0451E781A0E0052D273 /* Products */ = {
			isa = PBXGroup;
			children = (
				6E1AB0441E781A0E0052D273 /* ZPWKWebView.app */,
				6E1AB05D1E781A0F0052D273 /* ZPWKWebViewTests.xctest */,
				6E1AB0681E781A0F0052D273 /* ZPWKWebViewUITests.xctest */,
			);
			name = Products;
			sourceTree = "<group>";
		};
		6E1AB0461E781A0E0052D273 /* ZPWKWebView */ = {
			isa = PBXGroup;
			children = (
				6E379E7E1E781DA400B0F93C /* ZPWKWebView */,
				6E1AB04A1E781A0E0052D273 /* AppDelegate.h */,
				6E1AB04B1E781A0E0052D273 /* AppDelegate.m */,
				6E1AB04D1E781A0E0052D273 /* ViewController.h */,
				6E1AB04E1E781A0E0052D273 /* ViewController.m */,
				6EA4146A1FB144B300BB5B81 /* PDFViewController.h */,
				6EA4146B1FB144B300BB5B81 /* PDFViewController.m */,
				6E1AB0501E781A0E0052D273 /* Main.storyboard */,
				6E1AB0531E781A0E0052D273 /* Assets.xcassets */,
				6E1AB0551E781A0E0052D273 /* LaunchScreen.storyboard */,
				6E1AB0581E781A0E0052D273 /* Info.plist */,
				6E1AB0471E781A0E0052D273 /* Supporting Files */,
			);
			path = ZPWKWebView;
			sourceTree = "<group>";
		};
		6E1AB0471E781A0E0052D273 /* Supporting Files */ = {
			isa = PBXGroup;
			children = (
				6E1AB0481E781A0E0052D273 /* main.m */,
			);
			name = "Supporting Files";
			sourceTree = "<group>";
		};
		6E1AB0601E781A0F0052D273 /* ZPWKWebViewTests */ = {
			isa = PBXGroup;
			children = (
				6E1AB0611E781A0F0052D273 /* ZPWKWebViewTests.m */,
				6E1AB0631E781A0F0052D273 /* Info.plist */,
			);
			path = ZPWKWebViewTests;
			sourceTree = "<group>";
		};
		6E1AB06B1E781A0F0052D273 /* ZPWKWebViewUITests */ = {
			isa = PBXGroup;
			children = (
				6E1AB06C1E781A0F0052D273 /* ZPWKWebViewUITests.m */,
				6E1AB06E1E781A0F0052D273 /* Info.plist */,
			);
			path = ZPWKWebViewUITests;
			sourceTree = "<group>";
		};
		6E379E7E1E781DA400B0F93C /* ZPWKWebView */ = {
			isa = PBXGroup;
			children = (
				6E379E7F1E781E2800B0F93C /* ZPScriptMessage.h */,
				6E379E801E781E2800B0F93C /* ZPScriptMessage.m */,
				6E379E821E781E6600B0F93C /* ZPWKWebView.h */,
				6E379E831E781E6600B0F93C /* ZPWKWebView.m */,
				6E379E851E781EC500B0F93C /* ZPWKWebViewController.h */,
				6E379E861E781EC500B0F93C /* ZPWKWebViewController.m */,
				6EC75DFF20B684B3007513FC /* SVProgressHUD */,
				6EBB7F241E79687F0065158F /* UINavigationController+SGProgress */,
			);
			path = ZPWKWebView;
			sourceTree = "<group>";
		};
		6EBB7F241E79687F0065158F /* UINavigationController+SGProgress */ = {
			isa = PBXGroup;
			children = (
				6EBB7F251E79687F0065158F /* UINavigationController+SGProgress.h */,
				6EBB7F261E79687F0065158F /* UINavigationController+SGProgress.m */,
			);
			path = "UINavigationController+SGProgress";
			sourceTree = "<group>";
		};
		6EC75DFF20B684B3007513FC /* SVProgressHUD */ = {
			isa = PBXGroup;
			children = (
				6EC75E0020B684B3007513FC /* SVProgressHUD */,
			);
			path = SVProgressHUD;
			sourceTree = "<group>";
		};
		6EC75E0020B684B3007513FC /* SVProgressHUD */ = {
			isa = PBXGroup;
			children = (
				6EC75E0120B684B3007513FC /* SVRadialGradientLayer.m */,
				6EC75E0220B684B3007513FC /* SVIndefiniteAnimatedView.h */,
				6EC75E0320B684B3007513FC /* SVProgressHUD.h */,
				6EC75E0420B684B3007513FC /* SVProgressAnimatedView.m */,
				6EC75E0520B684B3007513FC /* SVRadialGradientLayer.h */,
				6EC75E0620B684B3007513FC /* SVProgressHUD.m */,
				6EC75E0720B684B3007513FC /* SVIndefiniteAnimatedView.m */,
				6EC75E0820B684B3007513FC /* SVProgressHUD.bundle */,
				6EC75E0920B684B3007513FC /* SVProgressAnimatedView.h */,
			);
			path = SVProgressHUD;
			sourceTree = "<group>";
		};
/* End PBXGroup section */

/* Begin PBXNativeTarget section */
		6E1AB0431E781A0E0052D273 /* ZPWKWebView */ = {
			isa = PBXNativeTarget;
			buildConfigurationList = 6E1AB0711E781A0F0052D273 /* Build configuration list for PBXNativeTarget "ZPWKWebView" */;
			buildPhases = (
				6E1AB0401E781A0E0052D273 /* Sources */,
				6E1AB0411E781A0E0052D273 /* Frameworks */,
				6E1AB0421E781A0E0052D273 /* Resources */,
			);
			buildRules = (
			);
			dependencies = (
			);
			name = ZPWKWebView;
			productName = ZPWKWebView;
			productReference = 6E1AB0441E781A0E0052D273 /* ZPWKWebView.app */;
			productType = "com.apple.product-type.application";
		};
		6E1AB05C1E781A0F0052D273 /* ZPWKWebViewTests */ = {
			isa = PBXNativeTarget;
			buildConfigurationList = 6E1AB0741E781A0F0052D273 /* Build configuration list for PBXNativeTarget "ZPWKWebViewTests" */;
			buildPhases = (
				6E1AB0591E781A0F0052D273 /* Sources */,
				6E1AB05A1E781A0F0052D273 /* Frameworks */,
				6E1AB05B1E781A0F0052D273 /* Resources */,
			);
			buildRules = (
			);
			dependencies = (
				6E1AB05F1E781A0F0052D273 /* PBXTargetDependency */,
			);
			name = ZPWKWebViewTests;
			productName = ZPWKWebViewTests;
			productReference = 6E1AB05D1E781A0F0052D273 /* ZPWKWebViewTests.xctest */;
			productType = "com.apple.product-type.bundle.unit-test";
		};
		6E1AB0671E781A0F0052D273 /* ZPWKWebViewUITests */ = {
			isa = PBXNativeTarget;
			buildConfigurationList = 6E1AB0771E781A0F0052D273 /* Build configuration list for PBXNativeTarget "ZPWKWebViewUITests" */;
			buildPhases = (
				6E1AB0641E781A0F0052D273 /* Sources */,
				6E1AB0651E781A0F0052D273 /* Frameworks */,
				6E1AB0661E781A0F0052D273 /* Resources */,
			);
			buildRules = (
			);
			dependencies = (
				6E1AB06A1E781A0F0052D273 /* PBXTargetDependency */,
			);
			name = ZPWKWebViewUITests;
			productName = ZPWKWebViewUITests;
			productReference = 6E1AB0681E781A0F0052D273 /* ZPWKWebViewUITests.xctest */;
			productType = "com.apple.product-type.bundle.ui-testing";
		};
/* End PBXNativeTarget section */

/* Begin PBXProject section */
		6E1AB03C1E781A0E0052D273 /* Project object */ = {
			isa = PBXProject;
			attributes = {
				LastUpgradeCheck = 0820;
				ORGANIZATIONNAME = "张鹏";
				TargetAttributes = {
					6E1AB0431E781A0E0052D273 = {
						CreatedOnToolsVersion = 8.2.1;
						DevelopmentTeam = K2WT69M66J;
						ProvisioningStyle = Automatic;
					};
					6E1AB05C1E781A0F0052D273 = {
						CreatedOnToolsVersion = 8.2.1;
						DevelopmentTeam = K2WT69M66J;
						ProvisioningStyle = Automatic;
						TestTargetID = 6E1AB0431E781A0E0052D273;
					};
					6E1AB0671E781A0F0052D273 = {
						CreatedOnToolsVersion = 8.2.1;
						DevelopmentTeam = K2WT69M66J;
						ProvisioningStyle = Automatic;
						TestTargetID = 6E1AB0431E781A0E0052D273;
					};
				};
			};
			buildConfigurationList = 6E1AB03F1E781A0E0052D273 /* Build configuration list for PBXProject "ZPWKWebView" */;
			compatibilityVersion = "Xcode 3.2";
			developmentRegion = English;
			hasScannedForEncodings = 0;
			knownRegions = (
				en,
				Base,
			);
			mainGroup = 6E1AB03B1E781A0E0052D273;
			productRefGroup = 6E1AB0451E781A0E0052D273 /* Products */;
			projectDirPath = "";
			projectRoot = "";
			targets = (
				6E1AB0431E781A0E0052D273 /* ZPWKWebView */,
				6E1AB05C1E781A0F0052D273 /* ZPWKWebViewTests */,
				6E1AB0671E781A0F0052D273 /* ZPWKWebViewUITests */,
			);
		};
/* End PBXProject section */

/* Begin PBXResourcesBuildPhase section */
		6E1AB0421E781A0E0052D273 /* Resources */ = {
			isa = PBXResourcesBuildPhase;
			buildActionMask = 2147483647;
			files = (
				6E1AB0571E781A0E0052D273 /* LaunchScreen.storyboard in Resources */,
				6E1AB0541E781A0E0052D273 /* Assets.xcassets in Resources */,
				6E1AB0521E781A0E0052D273 /* Main.storyboard in Resources */,
				6EC75E0E20B684B3007513FC /* SVProgressHUD.bundle in Resources */,
			);
			runOnlyForDeploymentPostprocessing = 0;
		};
		6E1AB05B1E781A0F0052D273 /* Resources */ = {
			isa = PBXResourcesBuildPhase;
			buildActionMask = 2147483647;
			files = (
			);
			runOnlyForDeploymentPostprocessing = 0;
		};
		6E1AB0661E781A0F0052D273 /* Resources */ = {
			isa = PBXResourcesBuildPhase;
			buildActionMask = 2147483647;
			files = (
			);
			runOnlyForDeploymentPostprocessing = 0;
		};
/* End PBXResourcesBuildPhase section */

/* Begin PBXSourcesBuildPhase section */
		6E1AB0401E781A0E0052D273 /* Sources */ = {
			isa = PBXSourcesBuildPhase;
			buildActionMask = 2147483647;
			files = (
				6EA4146C1FB144B300BB5B81 /* PDFViewController.m in Sources */,
				6EC75E0B20B684B3007513FC /* SVProgressAnimatedView.m in Sources */,
				6EC75E0A20B684B3007513FC /* SVRadialGradientLayer.m in Sources */,
				6E379E811E781E2800B0F93C /* ZPScriptMessage.m in Sources */,
				6E1AB04F1E781A0E0052D273 /* ViewController.m in Sources */,
				6E1AB04C1E781A0E0052D273 /* AppDelegate.m in Sources */,
				6E379E871E781EC500B0F93C /* ZPWKWebViewController.m in Sources */,
				6E1AB0491E781A0E0052D273 /* main.m in Sources */,
				6EBB7F271E79687F0065158F /* UINavigationController+SGProgress.m in Sources */,
				6EC75E0C20B684B3007513FC /* SVProgressHUD.m in Sources */,
				6E379E841E781E6600B0F93C /* ZPWKWebView.m in Sources */,
				6EC75E0D20B684B3007513FC /* SVIndefiniteAnimatedView.m in Sources */,
			);
			runOnlyForDeploymentPostprocessing = 0;
		};
		6E1AB0591E781A0F0052D273 /* Sources */ = {
			isa = PBXSourcesBuildPhase;
			buildActionMask = 2147483647;
			files = (
				6E1AB0621E781A0F0052D273 /* ZPWKWebViewTests.m in Sources */,
			);
			runOnlyForDeploymentPostprocessing = 0;
		};
		6E1AB0641E781A0F0052D273 /* Sources */ = {
			isa = PBXSourcesBuildPhase;
			buildActionMask = 2147483647;
			files = (
				6E1AB06D1E781A0F0052D273 /* ZPWKWebViewUITests.m in Sources */,
			);
			runOnlyForDeploymentPostprocessing = 0;
		};
/* End PBXSourcesBuildPhase section */

/* Begin PBXTargetDependency section */
		6E1AB05F1E781A0F0052D273 /* PBXTargetDependency */ = {
			isa = PBXTargetDependency;
			target = 6E1AB0431E781A0E0052D273 /* ZPWKWebView */;
			targetProxy = 6E1AB05E1E781A0F0052D273 /* PBXContainerItemProxy */;
		};
		6E1AB06A1E781A0F0052D273 /* PBXTargetDependency */ = {
			isa = PBXTargetDependency;
			target = 6E1AB0431E781A0E0052D273 /* ZPWKWebView */;
			targetProxy = 6E1AB0691E781A0F0052D273 /* PBXContainerItemProxy */;
		};
/* End PBXTargetDependency section */

/* Begin PBXVariantGroup section */
		6E1AB0501E781A0E0052D273 /* Main.storyboard */ = {
			isa = PBXVariantGroup;
			children = (
				6E1AB0511E781A0E0052D273 /* Base */,
			);
			name = Main.storyboard;
			sourceTree = "<group>";
		};
		6E1AB0551E781A0E0052D273 /* LaunchScreen.storyboard */ = {
			isa = PBXVariantGroup;
			children = (
				6E1AB0561E781A0E0052D273 /* Base */,
			);
			name = LaunchScreen.storyboard;
			sourceTree = "<group>";
		};
/* End PBXVariantGroup section */

/* Begin XCBuildConfiguration section */
		6E1AB06F1E781A0F0052D273 /* Debug */ = {
			isa = XCBuildConfiguration;
			buildSettings = {
				ALWAYS_SEARCH_USER_PATHS = NO;
				CLANG_ANALYZER_NONNULL = YES;
				CLANG_CXX_LANGUAGE_STANDARD = "gnu++0x";
				CLANG_CXX_LIBRARY = "libc++";
				CLANG_ENABLE_MODULES = YES;
				CLANG_ENABLE_OBJC_ARC = YES;
				CLANG_WARN_BOOL_CONVERSION = YES;
				CLANG_WARN_CONSTANT_CONVERSION = YES;
				CLANG_WARN_DIRECT_OBJC_ISA_USAGE = YES_ERROR;
				CLANG_WARN_DOCUMENTATION_COMMENTS = YES;
				CLANG_WARN_EMPTY_BODY = YES;
				CLANG_WARN_ENUM_CONVERSION = YES;
				CLANG_WARN_INFINITE_RECURSION = YES;
				CLANG_WARN_INT_CONVERSION = YES;
				CLANG_WARN_OBJC_ROOT_CLASS = YES_ERROR;
				CLANG_WARN_SUSPICIOUS_MOVE = YES;
				CLANG_WARN_UNREACHABLE_CODE = YES;
				CLANG_WARN__DUPLICATE_METHOD_MATCH = YES;
				"CODE_SIGN_IDENTITY[sdk=iphoneos*]" = "iPhone Developer";
				COPY_PHASE_STRIP = NO;
				DEBUG_INFORMATION_FORMAT = dwarf;
				ENABLE_STRICT_OBJC_MSGSEND = YES;
				ENABLE_TESTABILITY = YES;
				GCC_C_LANGUAGE_STANDARD = gnu99;
				GCC_DYNAMIC_NO_PIC = NO;
				GCC_NO_COMMON_BLOCKS = YES;
				GCC_OPTIMIZATION_LEVEL = 0;
				GCC_PREPROCESSOR_DEFINITIONS = (
					"DEBUG=1",
					"$(inherited)",
				);
				GCC_WARN_64_TO_32_BIT_CONVERSION = YES;
				GCC_WARN_ABOUT_RETURN_TYPE = YES_ERROR;
				GCC_WARN_UNDECLARED_SELECTOR = YES;
				GCC_WARN_UNINITIALIZED_AUTOS = YES_AGGRESSIVE;
				GCC_WARN_UNUSED_FUNCTION = YES;
				GCC_WARN_UNUSED_VARIABLE = YES;
				IPHONEOS_DEPLOYMENT_TARGET = 10.2;
				MTL_ENABLE_DEBUG_INFO = YES;
				ONLY_ACTIVE_ARCH = YES;
				SDKROOT = iphoneos;
				TARGETED_DEVICE_FAMILY = "1,2";
			};
			name = Debug;
		};
		6E1AB0701E781A0F0052D273 /* Release */ = {
			isa = XCBuildConfiguration;
			buildSettings = {
				ALWAYS_SEARCH_USER_PATHS = NO;
				CLANG_ANALYZER_NONNULL = YES;
				CLANG_CXX_LANGUAGE_STANDARD = "gnu++0x";
				CLANG_CXX_LIBRARY = "libc++";
				CLANG_ENABLE_MODULES = YES;
				CLANG_ENABLE_OBJC_ARC = YES;
				CLANG_WARN_BOOL_CONVERSION = YES;
				CLANG_WARN_CONSTANT_CONVERSION = YES;
				CLANG_WARN_DIRECT_OBJC_ISA_USAGE = YES_ERROR;
				CLANG_WARN_DOCUMENTATION_COMMENTS = YES;
				CLANG_WARN_EMPTY_BODY = YES;
				CLANG_WARN_ENUM_CONVERSION = YES;
				CLANG_WARN_INFINITE_RECURSION = YES;
				CLANG_WARN_INT_CONVERSION = YES;
				CLANG_WARN_OBJC_ROOT_CLASS = YES_ERROR;
				CLANG_WARN_SUSPICIOUS_MOVE = YES;
				CLANG_WARN_UNREACHABLE_CODE = YES;
				CLANG_WARN__DUPLICATE_METHOD_MATCH = YES;
				"CODE_SIGN_IDENTITY[sdk=iphoneos*]" = "iPhone Developer";
				COPY_PHASE_STRIP = NO;
				DEBUG_INFORMATION_FORMAT = "dwarf-with-dsym";
				ENABLE_NS_ASSERTIONS = NO;
				ENABLE_STRICT_OBJC_MSGSEND = YES;
				GCC_C_LANGUAGE_STANDARD = gnu99;
				GCC_NO_COMMON_BLOCKS = YES;
				GCC_WARN_64_TO_32_BIT_CONVERSION = YES;
				GCC_WARN_ABOUT_RETURN_TYPE = YES_ERROR;
				GCC_WARN_UNDECLARED_SELECTOR = YES;
				GCC_WARN_UNINITIALIZED_AUTOS = YES_AGGRESSIVE;
				GCC_WARN_UNUSED_FUNCTION = YES;
				GCC_WARN_UNUSED_VARIABLE = YES;
				IPHONEOS_DEPLOYMENT_TARGET = 10.2;
				MTL_ENABLE_DEBUG_INFO = NO;
				SDKROOT = iphoneos;
				TARGETED_DEVICE_FAMILY = "1,2";
				VALIDATE_PRODUCT = YES;
			};
			name = Release;
		};
		6E1AB0721E781A0F0052D273 /* Debug */ = {
			isa = XCBuildConfiguration;
			buildSettings = {
				ASSETCATALOG_COMPILER_APPICON_NAME = AppIcon;
				DEVELOPMENT_TEAM = K2WT69M66J;
				INFOPLIST_FILE = ZPWKWebView/Info.plist;
				IPHONEOS_DEPLOYMENT_TARGET = 8.0;
				LD_RUNPATH_SEARCH_PATHS = "$(inherited) @executable_path/Frameworks";
				PRODUCT_BUNDLE_IDENTIFIER = com.C4ibD3.ZPWKWebView;
				PRODUCT_NAME = "$(TARGET_NAME)";
			};
			name = Debug;
		};
		6E1AB0731E781A0F0052D273 /* Release */ = {
			isa = XCBuildConfiguration;
			buildSettings = {
				ASSETCATALOG_COMPILER_APPICON_NAME = AppIcon;
				DEVELOPMENT_TEAM = K2WT69M66J;
				INFOPLIST_FILE = ZPWKWebView/Info.plist;
				IPHONEOS_DEPLOYMENT_TARGET = 8.0;
				LD_RUNPATH_SEARCH_PATHS = "$(inherited) @executable_path/Frameworks";
				PRODUCT_BUNDLE_IDENTIFIER = com.C4ibD3.ZPWKWebView;
				PRODUCT_NAME = "$(TARGET_NAME)";
			};
			name = Release;
		};
		6E1AB0751E781A0F0052D273 /* Debug */ = {
			isa = XCBuildConfiguration;
			buildSettings = {
				BUNDLE_LOADER = "$(TEST_HOST)";
				DEVELOPMENT_TEAM = K2WT69M66J;
				INFOPLIST_FILE = ZPWKWebViewTests/Info.plist;
				LD_RUNPATH_SEARCH_PATHS = "$(inherited) @executable_path/Frameworks @loader_path/Frameworks";
				PRODUCT_BUNDLE_IDENTIFIER = com.C4ibD3.ZPWKWebViewTests;
				PRODUCT_NAME = "$(TARGET_NAME)";
				TEST_HOST = "$(BUILT_PRODUCTS_DIR)/ZPWKWebView.app/ZPWKWebView";
			};
			name = Debug;
		};
		6E1AB0761E781A0F0052D273 /* Release */ = {
			isa = XCBuildConfiguration;
			buildSettings = {
				BUNDLE_LOADER = "$(TEST_HOST)";
				DEVELOPMENT_TEAM = K2WT69M66J;
				INFOPLIST_FILE = ZPWKWebViewTests/Info.plist;
				LD_RUNPATH_SEARCH_PATHS = "$(inherited) @executable_path/Frameworks @loader_path/Frameworks";
				PRODUCT_BUNDLE_IDENTIFIER = com.C4ibD3.ZPWKWebViewTests;
				PRODUCT_NAME = "$(TARGET_NAME)";
				TEST_HOST = "$(BUILT_PRODUCTS_DIR)/ZPWKWebView.app/ZPWKWebView";
			};
			name = Release;
		};
		6E1AB0781E781A0F0052D273 /* Debug */ = {
			isa = XCBuildConfiguration;
			buildSettings = {
				DEVELOPMENT_TEAM = K2WT69M66J;
				INFOPLIST_FILE = ZPWKWebViewUITests/Info.plist;
				LD_RUNPATH_SEARCH_PATHS = "$(inherited) @executable_path/Frameworks @loader_path/Frameworks";
				PRODUCT_BUNDLE_IDENTIFIER = com.C4ibD3.ZPWKWebViewUITests;
				PRODUCT_NAME = "$(TARGET_NAME)";
				TEST_TARGET_NAME = ZPWKWebView;
			};
			name = Debug;
		};
		6E1AB0791E781A0F0052D273 /* Release */ = {
			isa = XCBuildConfiguration;
			buildSettings = {
				DEVELOPMENT_TEAM = K2WT69M66J;
				INFOPLIST_FILE = ZPWKWebViewUITests/Info.plist;
				LD_RUNPATH_SEARCH_PATHS = "$(inherited) @executable_path/Frameworks @loader_path/Frameworks";
				PRODUCT_BUNDLE_IDENTIFIER = com.C4ibD3.ZPWKWebViewUITests;
				PRODUCT_NAME = "$(TARGET_NAME)";
				TEST_TARGET_NAME = ZPWKWebView;
			};
			name = Release;
		};
/* End XCBuildConfiguration section */

/* Begin XCConfigurationList section */
		6E1AB03F1E781A0E0052D273 /* Build configuration list for PBXProject "ZPWKWebView" */ = {
			isa = XCConfigurationList;
			buildConfigurations = (
				6E1AB06F1E781A0F0052D273 /* Debug */,
				6E1AB0701E781A0F0052D273 /* Release */,
			);
			defaultConfigurationIsVisible = 0;
			defaultConfigurationName = Release;
		};
		6E1AB0711E781A0F0052D273 /* Build configuration list for PBXNativeTarget "ZPWKWebView" */ = {
			isa = XCConfigurationList;
			buildConfigurations = (
				6E1AB0721E781A0F0052D273 /* Debug */,
				6E1AB0731E781A0F0052D273 /* Release */,
			);
			defaultConfigurationIsVisible = 0;
			defaultConfigurationName = Release;
		};
		6E1AB0741E781A0F0052D273 /* Build configuration list for PBXNativeTarget "ZPWKWebViewTests" */ = {
			isa = XCConfigurationList;
			buildConfigurations = (
				6E1AB0751E781A0F0052D273 /* Debug */,
				6E1AB0761E781A0F0052D273 /* Release */,
			);
			defaultConfigurationIsVisible = 0;
			defaultConfigurationName = Release;
		};
		6E1AB0771E781A0F0052D273 /* Build configuration list for PBXNativeTarget "ZPWKWebViewUITests" */ = {
			isa = XCConfigurationList;
			buildConfigurations = (
				6E1AB0781E781A0F0052D273 /* Debug */,
				6E1AB0791E781A0F0052D273 /* Release */,
			);
			defaultConfigurationIsVisible = 0;
			defaultConfigurationName = Release;
		};
/* End XCConfigurationList section */
	};
	rootObject = 6E1AB03C1E781A0E0052D273 /* Project object */;
}
